
Microsoft Visual Studio Solution File, Format Version 12.00
# Visual Studio Version 17
VisualStudioVersion = 17.7.34202.233
MinimumVisualStudioVersion = 10.0.40219.1
Project("{FAE04EC0-301F-11D3-BF4B-00C04F79EFBC}") = "WpfApp1", "WpfApp1\WpfApp1.csproj", "{10A4DF50-6627-4935-9E74-0A5FB1A91F81}"
EndProject
Global
	GlobalSection(SolutionConfigurationPlatforms) = preSolution
		Debug|Any CPU = Debug|Any CPU
		Release|Any CPU = Release|Any CPU
	EndGlobalSection
	GlobalSection(ProjectConfigurationPlatforms) = postSolution
		{10A4DF50-6627-4935-9E74-0A5FB1A91F81}.Debug|Any CPU.ActiveCfg = Debug|Any CPU
		{10A4DF50-6627-4935-9E74-0A5FB1A91F81}.Debug|Any CPU.Build.0 = Debug|Any CPU
		{10A4DF50-6627-4935-9E74-0A5FB1A91F81}.Release|Any CPU.ActiveCfg = Release|Any CPU
		{10A4DF50-6627-4935-9E74-0A5FB1A91F81}.Release|Any CPU.Build.0 = Release|Any CPU
	EndGlobalSection
	GlobalSection(SolutionProperties) = preSolution
		HideSolutionNode = FALSE
	EndGlobalSection
	GlobalSection(ExtensibilityGlobals) = postSolution
		SolutionGuid = {1D1B6FBD-A2C1-4F93-B512-7E445D8A42A0}
	EndGlobalSection
EndGlobal
